
Microsoft Visual Studio Solution File, Format Version 12.00
# Visual Studio Version 17
VisualStudioVersion = 17.10.35004.147
MinimumVisualStudioVersion = 10.0.40219.1
Project("{2150E333-8FDC-42A3-9474-1A3956D46DE8}") = "backend", "backend", "{088BFE48-7D81-4904-9632-EDE845EB5AE6}"
EndProject
Project("{2150E333-8FDC-42A3-9474-1A3956D46DE8}") = "src", "src", "{79BDED51-3777-44D8-B659-D6747F4FEF95}"
EndProject
Project("{9A19103F-16F7-4668-BE54-9A1E7A4F7556}") = "FEpy.Domain", "backend\src\FEpy.Domain\FEpy.Domain.csproj", "{91F81FEE-45ED-49F0-9948-416F6F7D370A}"
EndProject
Project("{9A19103F-16F7-4668-BE54-9A1E7A4F7556}") = "FEpy.Application", "backend\src\FEpy.Application\FEpy.Application.csproj", "{DA337D0A-FC75-40D5-B35A-A6CF18B1170F}"
EndProject
Project("{9A19103F-16F7-4668-BE54-9A1E7A4F7556}") = "FEpy.Infrastructure", "backend\src\FEpy.Infrastructure\FEpy.Infrastructure.csproj", "{E88D48AE-215A-4B36-B0C4-446B9D6D9A1A}"
EndProject
Project("{9A19103F-16F7-4668-BE54-9A1E7A4F7556}") = "FEpy.Api", "backend\src\FEpy.Api\FEpy.Api.csproj", "{485245F5-0DD2-44AB-8183-DE9312DB9BAF}"
EndProject
Project("{2150E333-8FDC-42A3-9474-1A3956D46DE8}") = "tests", "tests", "{820D786C-DEA5-4258-BC15-60D60729F744}"
EndProject
Project("{2150E333-8FDC-42A3-9474-1A3956D46DE8}") = "backend", "backend", "{4B446DA8-62F3-4498-A595-3D63E00AB755}"
EndProject
Project("{2150E333-8FDC-42A3-9474-1A3956D46DE8}") = "src", "src", "{13F00C10-06C7-43AE-BD66-DB59F100A8C8}"
EndProject
Project("{9A19103F-16F7-4668-BE54-9A1E7A4F7556}") = "FEpy.Domain.UnitTests", "tests\backend\src\FEpy.Domain.UnitTests\FEpy.Domain.UnitTests.csproj", "{9B0841DC-5C5D-48C4-89CF-8A4FA8EA1B6F}"
EndProject
Project("{9A19103F-16F7-4668-BE54-9A1E7A4F7556}") = "FEpy.ArchitectureTests", "tests\backend\src\FEpy.ArchitectureTests\FEpy.ArchitectureTests.csproj", "{9D6C9449-6023-4619-BDEC-44CA281FEFDB}"
EndProject
Global
	GlobalSection(SolutionConfigurationPlatforms) = preSolution
		Debug|Any CPU = Debug|Any CPU
		Debug|x64 = Debug|x64
		Debug|x86 = Debug|x86
		Release|Any CPU = Release|Any CPU
		Release|x64 = Release|x64
		Release|x86 = Release|x86
	EndGlobalSection
	GlobalSection(ProjectConfigurationPlatforms) = postSolution
		{91F81FEE-45ED-49F0-9948-416F6F7D370A}.Debug|Any CPU.ActiveCfg = Debug|Any CPU
		{91F81FEE-45ED-49F0-9948-416F6F7D370A}.Debug|Any CPU.Build.0 = Debug|Any CPU
		{91F81FEE-45ED-49F0-9948-416F6F7D370A}.Debug|x64.ActiveCfg = Debug|Any CPU
		{91F81FEE-45ED-49F0-9948-416F6F7D370A}.Debug|x64.Build.0 = Debug|Any CPU
		{91F81FEE-45ED-49F0-9948-416F6F7D370A}.Debug|x86.ActiveCfg = Debug|Any CPU
		{91F81FEE-45ED-49F0-9948-416F6F7D370A}.Debug|x86.Build.0 = Debug|Any CPU
		{91F81FEE-45ED-49F0-9948-416F6F7D370A}.Release|Any CPU.ActiveCfg = Release|Any CPU
		{91F81FEE-45ED-49F0-9948-416F6F7D370A}.Release|Any CPU.Build.0 = Release|Any CPU
		{91F81FEE-45ED-49F0-9948-416F6F7D370A}.Release|x64.ActiveCfg = Release|Any CPU
		{91F81FEE-45ED-49F0-9948-416F6F7D370A}.Release|x64.Build.0 = Release|Any CPU
		{91F81FEE-45ED-49F0-9948-416F6F7D370A}.Release|x86.ActiveCfg = Release|Any CPU
		{91F81FEE-45ED-49F0-9948-416F6F7D370A}.Release|x86.Build.0 = Release|Any CPU
		{DA337D0A-FC75-40D5-B35A-A6CF18B1170F}.Debug|Any CPU.ActiveCfg = Debug|Any CPU
		{DA337D0A-FC75-40D5-B35A-A6CF18B1170F}.Debug|Any CPU.Build.0 = Debug|Any CPU
		{DA337D0A-FC75-40D5-B35A-A6CF18B1170F}.Debug|x64.ActiveCfg = Debug|Any CPU
		{DA337D0A-FC75-40D5-B35A-A6CF18B1170F}.Debug|x64.Build.0 = Debug|Any CPU
		{DA337D0A-FC75-40D5-B35A-A6CF18B1170F}.Debug|x86.ActiveCfg = Debug|Any CPU
		{DA337D0A-FC75-40D5-B35A-A6CF18B1170F}.Debug|x86.Build.0 = Debug|Any CPU
		{DA337D0A-FC75-40D5-B35A-A6CF18B1170F}.Release|Any CPU.ActiveCfg = Release|Any CPU
		{DA337D0A-FC75-40D5-B35A-A6CF18B1170F}.Release|Any CPU.Build.0 = Release|Any CPU
		{DA337D0A-FC75-40D5-B35A-A6CF18B1170F}.Release|x64.ActiveCfg = Release|Any CPU
		{DA337D0A-FC75-40D5-B35A-A6CF18B1170F}.Release|x64.Build.0 = Release|Any CPU
		{DA337D0A-FC75-40D5-B35A-A6CF18B1170F}.Release|x86.ActiveCfg = Release|Any CPU
		{DA337D0A-FC75-40D5-B35A-A6CF18B1170F}.Release|x86.Build.0 = Release|Any CPU
		{E88D48AE-215A-4B36-B0C4-446B9D6D9A1A}.Debug|Any CPU.ActiveCfg = Debug|Any CPU
		{E88D48AE-215A-4B36-B0C4-446B9D6D9A1A}.Debug|Any CPU.Build.0 = Debug|Any CPU
		{E88D48AE-215A-4B36-B0C4-446B9D6D9A1A}.Debug|x64.ActiveCfg = Debug|Any CPU
		{E88D48AE-215A-4B36-B0C4-446B9D6D9A1A}.Debug|x64.Build.0 = Debug|Any CPU
		{E88D48AE-215A-4B36-B0C4-446B9D6D9A1A}.Debug|x86.ActiveCfg = Debug|Any CPU
		{E88D48AE-215A-4B36-B0C4-446B9D6D9A1A}.Debug|x86.Build.0 = Debug|Any CPU
		{E88D48AE-215A-4B36-B0C4-446B9D6D9A1A}.Release|Any CPU.ActiveCfg = Release|Any CPU
		{E88D48AE-215A-4B36-B0C4-446B9D6D9A1A}.Release|Any CPU.Build.0 = Release|Any CPU
		{E88D48AE-215A-4B36-B0C4-446B9D6D9A1A}.Release|x64.ActiveCfg = Release|Any CPU
		{E88D48AE-215A-4B36-B0C4-446B9D6D9A1A}.Release|x64.Build.0 = Release|Any CPU
		{E88D48AE-215A-4B36-B0C4-446B9D6D9A1A}.Release|x86.ActiveCfg = Release|Any CPU
		{E88D48AE-215A-4B36-B0C4-446B9D6D9A1A}.Release|x86.Build.0 = Release|Any CPU
		{485245F5-0DD2-44AB-8183-DE9312DB9BAF}.Debug|Any CPU.ActiveCfg = Debug|Any CPU
		{485245F5-0DD2-44AB-8183-DE9312DB9BAF}.Debug|Any CPU.Build.0 = Debug|Any CPU
		{485245F5-0DD2-44AB-8183-DE9312DB9BAF}.Debug|x64.ActiveCfg = Debug|Any CPU
		{485245F5-0DD2-44AB-8183-DE9312DB9BAF}.Debug|x64.Build.0 = Debug|Any CPU
		{485245F5-0DD2-44AB-8183-DE9312DB9BAF}.Debug|x86.ActiveCfg = Debug|Any CPU
		{485245F5-0DD2-44AB-8183-DE9312DB9BAF}.Debug|x86.Build.0 = Debug|Any CPU
		{485245F5-0DD2-44AB-8183-DE9312DB9BAF}.Release|Any CPU.ActiveCfg = Release|Any CPU
		{485245F5-0DD2-44AB-8183-DE9312DB9BAF}.Release|Any CPU.Build.0 = Release|Any CPU
		{485245F5-0DD2-44AB-8183-DE9312DB9BAF}.Release|x64.ActiveCfg = Release|Any CPU
		{485245F5-0DD2-44AB-8183-DE9312DB9BAF}.Release|x64.Build.0 = Release|Any CPU
		{485245F5-0DD2-44AB-8183-DE9312DB9BAF}.Release|x86.ActiveCfg = Release|Any CPU
		{485245F5-0DD2-44AB-8183-DE9312DB9BAF}.Release|x86.Build.0 = Release|Any CPU
		{9B0841DC-5C5D-48C4-89CF-8A4FA8EA1B6F}.Debug|Any CPU.ActiveCfg = Debug|Any CPU
		{9B0841DC-5C5D-48C4-89CF-8A4FA8EA1B6F}.Debug|Any CPU.Build.0 = Debug|Any CPU
		{9B0841DC-5C5D-48C4-89CF-8A4FA8EA1B6F}.Debug|x64.ActiveCfg = Debug|Any CPU
		{9B0841DC-5C5D-48C4-89CF-8A4FA8EA1B6F}.Debug|x64.Build.0 = Debug|Any CPU
		{9B0841DC-5C5D-48C4-89CF-8A4FA8EA1B6F}.Debug|x86.ActiveCfg = Debug|Any CPU
		{9B0841DC-5C5D-48C4-89CF-8A4FA8EA1B6F}.Debug|x86.Build.0 = Debug|Any CPU
		{9B0841DC-5C5D-48C4-89CF-8A4FA8EA1B6F}.Release|Any CPU.ActiveCfg = Release|Any CPU
		{9B0841DC-5C5D-48C4-89CF-8A4FA8EA1B6F}.Release|Any CPU.Build.0 = Release|Any CPU
		{9B0841DC-5C5D-48C4-89CF-8A4FA8EA1B6F}.Release|x64.ActiveCfg = Release|Any CPU
		{9B0841DC-5C5D-48C4-89CF-8A4FA8EA1B6F}.Release|x64.Build.0 = Release|Any CPU
		{9B0841DC-5C5D-48C4-89CF-8A4FA8EA1B6F}.Release|x86.ActiveCfg = Release|Any CPU
		{9B0841DC-5C5D-48C4-89CF-8A4FA8EA1B6F}.Release|x86.Build.0 = Release|Any CPU
		{9D6C9449-6023-4619-BDEC-44CA281FEFDB}.Debug|Any CPU.ActiveCfg = Debug|Any CPU
		{9D6C9449-6023-4619-BDEC-44CA281FEFDB}.Debug|Any CPU.Build.0 = Debug|Any CPU
		{9D6C9449-6023-4619-BDEC-44CA281FEFDB}.Debug|x64.ActiveCfg = Debug|Any CPU
		{9D6C9449-6023-4619-BDEC-44CA281FEFDB}.Debug|x64.Build.0 = Debug|Any CPU
		{9D6C9449-6023-4619-BDEC-44CA281FEFDB}.Debug|x86.ActiveCfg = Debug|Any CPU
		{9D6C9449-6023-4619-BDEC-44CA281FEFDB}.Debug|x86.Build.0 = Debug|Any CPU
		{9D6C9449-6023-4619-BDEC-44CA281FEFDB}.Release|Any CPU.ActiveCfg = Release|Any CPU
		{9D6C9449-6023-4619-BDEC-44CA281FEFDB}.Release|Any CPU.Build.0 = Release|Any CPU
		{9D6C9449-6023-4619-BDEC-44CA281FEFDB}.Release|x64.ActiveCfg = Release|Any CPU
		{9D6C9449-6023-4619-BDEC-44CA281FEFDB}.Release|x64.Build.0 = Release|Any CPU
		{9D6C9449-6023-4619-BDEC-44CA281FEFDB}.Release|x86.ActiveCfg = Release|Any CPU
		{9D6C9449-6023-4619-BDEC-44CA281FEFDB}.Release|x86.Build.0 = Release|Any CPU
	EndGlobalSection
	GlobalSection(SolutionProperties) = preSolution
		HideSolutionNode = FALSE
	EndGlobalSection
	GlobalSection(NestedProjects) = preSolution
		{79BDED51-3777-44D8-B659-D6747F4FEF95} = {088BFE48-7D81-4904-9632-EDE845EB5AE6}
		{91F81FEE-45ED-49F0-9948-416F6F7D370A} = {79BDED51-3777-44D8-B659-D6747F4FEF95}
		{DA337D0A-FC75-40D5-B35A-A6CF18B1170F} = {79BDED51-3777-44D8-B659-D6747F4FEF95}
		{E88D48AE-215A-4B36-B0C4-446B9D6D9A1A} = {79BDED51-3777-44D8-B659-D6747F4FEF95}
		{485245F5-0DD2-44AB-8183-DE9312DB9BAF} = {79BDED51-3777-44D8-B659-D6747F4FEF95}
		{4B446DA8-62F3-4498-A595-3D63E00AB755} = {820D786C-DEA5-4258-BC15-60D60729F744}
		{13F00C10-06C7-43AE-BD66-DB59F100A8C8} = {4B446DA8-62F3-4498-A595-3D63E00AB755}
		{9B0841DC-5C5D-48C4-89CF-8A4FA8EA1B6F} = {13F00C10-06C7-43AE-BD66-DB59F100A8C8}
		{9D6C9449-6023-4619-BDEC-44CA281FEFDB} = {13F00C10-06C7-43AE-BD66-DB59F100A8C8}
	EndGlobalSection
	GlobalSection(ExtensibilityGlobals) = postSolution
		SolutionGuid = {9A9149C5-A93A-4452-94E7-1F34F9ECC522}
	EndGlobalSection
EndGlobal
